Microsoft Visual Studio Solution File, Format Version 12.00
# Visual Studio Version 17
VisualStudioVersion = 17.5.2.0
MinimumVisualStudioVersion = 10.0.40219.1
Project("{2150E333-8FDC-42A3-9474-1A3956D46DE8}") = "week9", "week9", "{64D76225-C759-E769-B3F5-247D38B5D897}"
EndProject
Project("{FAE04EC0-301F-11D3-BF4B-00C04F79EFBC}") = "hellocs", "week9\hellocs\hellocs.csproj", "{C9D2FAA8-26C4-CFD6-08E3-19C7135E4AE0}"
EndProject
Global
	GlobalSection(SolutionConfigurationPlatforms) = preSolution
		Debug|Any CPU = Debug|Any CPU
		Release|Any CPU = Release|Any CPU
	EndGlobalSection
	GlobalSection(ProjectConfigurationPlatforms) = postSolution
		{C9D2FAA8-26C4-CFD6-08E3-19C7135E4AE0}.Debug|Any CPU.ActiveCfg = Debug|Any CPU
		{C9D2FAA8-26C4-CFD6-08E3-19C7135E4AE0}.Debug|Any CPU.Build.0 = Debug|Any CPU
		{C9D2FAA8-26C4-CFD6-08E3-19C7135E4AE0}.Release|Any CPU.ActiveCfg = Release|Any CPU
		{C9D2FAA8-26C4-CFD6-08E3-19C7135E4AE0}.Release|Any CPU.Build.0 = Release|Any CPU
	EndGlobalSection
	GlobalSection(SolutionProperties) = preSolution
		HideSolutionNode = FALSE
	EndGlobalSection
	GlobalSection(NestedProjects) = preSolution
		{C9D2FAA8-26C4-CFD6-08E3-19C7135E4AE0} = {64D76225-C759-E769-B3F5-247D38B5D897}
	EndGlobalSection
	GlobalSection(ExtensibilityGlobals) = postSolution
		SolutionGuid = {24E9C241-80F6-44AF-8799-6FEFDCDAA0B0}
	EndGlobalSection
EndGlobal
